// !$*UTF8*$!
{
	archiveVersion = 1;
	classes = {
	};
	objectVersion = 46;
	objects = {

/* Begin PBXBuildFile section */
		25F743FF1DA97E9000CCD5AD /* AppDelegate.swift in Sources */ = {isa = PBXBuildFile; fileRef = 25F743FE1DA97E9000CCD5AD /* AppDelegate.swift */; };
		25F744011DA97E9000CCD5AD /* ViewController.swift in Sources */ = {isa = PBXBuildFile; fileRef = 25F744001DA97E9000CCD5AD /* ViewController.swift */; };
		25F744031DA97E9000CCD5AD /* Assets.xcassets in Resources */ = {isa = PBXBuildFile; fileRef = 25F744021DA97E9000CCD5AD /* Assets.xcassets */; };
		25F744061DA97E9000CCD5AD /* Main.storyboard in Resources */ = {isa = PBXBuildFile; fileRef = 25F744041DA97E9000CCD5AD /* Main.storyboard */; };
/* End PBXBuildFile section */

/* Begin PBXFileReference section */
		25F743FB1DA97E9000CCD5AD /* Equitable.app */ = {isa = PBXFileReference; explicitFileType = wrapper.application; includeInIndex = 0; path = Equitable.app; sourceTree = BUILT_PRODUCTS_DIR; };
		25F743FE1DA97E9000CCD5AD /* AppDelegate.swift */ = {isa = PBXFileReference; lastKnownFileType = sourcecode.swift; path = AppDelegate.swift; sourceTree = "<group>"; };
		25F744001DA97E9000CCD5AD /* ViewController.swift */ = {isa = PBXFileReference; lastKnownFileType = sourcecode.swift; path = ViewController.swift; sourceTree = "<group>"; };
		25F744021DA97E9000CCD5AD /* Assets.xcassets */ = {isa = PBXFileReference; lastKnownFileType = folder.assetcatalog; path = Assets.xcassets; sourceTree = "<group>"; };
		25F744051DA97E9000CCD5AD /* Base */ = {isa = PBXFileReference; lastKnownFileType = file.storyboard; name = Base; path = Base.lproj/Main.storyboard; sourceTree = "<group>"; };
		25F744071DA97E9000CCD5AD /* Info.plist */ = {isa = PBXFileReference; lastKnownFileType = text.plist.xml; path = Info.plist; sourceTree = "<group>"; };
/* End PBXFileReference section */

/* Begin PBXFrameworksBuildPhase section */
		25F743F81DA97E9000CCD5AD /* Frameworks */ = {
			isa = PBXFrameworksBuildPhase;
			buildActionMask = 2147483647;
			files = (
			);
			runOnlyForDeploymentPostprocessing = 0;
		};
/* End PBXFrameworksBuildPhase section */

/* Begin PBXGroup section */
		25F743F21DA97E9000CCD5AD = {
			isa = PBXGroup;
			children = (
				25F743FD1DA97E9000CCD5AD /* Equitable */,
				25F743FC1DA97E9000CCD5AD /* Products */,
			);
			sourceTree = "<group>";
		};
		25F743FC1DA97E9000CCD5AD /* Products */ = {
			isa = PBXGroup;
			children = (
				25F743FB1DA97E9000CCD5AD /* Equitable.app */,
			);
			name = Products;
			sourceTree = "<group>";
		};
		25F743FD1DA97E9000CCD5AD /* Equitable */ = {
			isa = PBXGroup;
			children = (
				25F743FE1DA97E9000CCD5AD /* AppDelegate.swift */,
				25F744001DA97E9000CCD5AD /* ViewController.swift */,
				25F744021DA97E9000CCD5AD /* Assets.xcassets */,
				25F744041DA97E9000CCD5AD /* Main.storyboard */,
				25F744071DA97E9000CCD5AD /* Info.plist */,
			);
			path = Equitable;
			sourceTree = "<group>";
		};
/* End PBXGroup section */

/* Begin PBXNativeTarget section */
		25F743FA1DA97E9000CCD5AD /* Equitable */ = {
			isa = PBXNativeTarget;
			buildConfigurationList = 25F7440A1DA97E9000CCD5AD /* Build configuration list for PBXNativeTarget "Equitable" */;
			buildPhases = (
				25F743F71DA97E9000CCD5AD /* Sources */,
				25F743F81DA97E9000CCD5AD /* Frameworks */,
				25F743F91DA97E9000CCD5AD /* Resources */,
			);
			buildRules = (
			);
			dependencies = (
			);
			name = Equitable;
			productName = Equitable;
			productReference = 25F743FB1DA97E9000CCD5AD /* Equitable.app */;
			productType = "com.apple.product-type.application";
		};
/* End PBXNativeTarget section */

/* Begin PBXProject section */
		25F743F31DA97E9000CCD5AD /* Project object */ = {
			isa = PBXProject;
			attributes = {
				LastSwiftUpdateCheck = 0800;
				LastUpgradeCheck = 0800;
				ORGANIZATIONNAME = sergdort;
				TargetAttributes = {
					25F743FA1DA97E9000CCD5AD = {
						CreatedOnToolsVersion = 8.0;
						ProvisioningStyle = Automatic;
					};
				};
			};
			buildConfigurationList = 25F743F61DA97E9000CCD5AD /* Build configuration list for PBXProject "Equitable" */;
			compatibilityVersion = "Xcode 3.2";
			developmentRegion = English;
			hasScannedForEncodings = 0;
			knownRegions = (
				en,
				Base,
			);
			mainGroup = 25F743F21DA97E9000CCD5AD;
			productRefGroup = 25F743FC1DA97E9000CCD5AD /* Products */;
			projectDirPath = "";
			projectRoot = "";
			targets = (
				25F743FA1DA97E9000CCD5AD /* Equitable */,
			);
		};
/* End PBXProject section */

/* Begin PBXResourcesBuildPhase section */
		25F743F91DA97E9000CCD5AD /* Resources */ = {
			isa = PBXResourcesBuildPhase;
			buildActionMask = 2147483647;
			files = (
				25F744031DA97E9000CCD5AD /* Assets.xcassets in Resources */,
				25F744061DA97E9000CCD5AD /* Main.storyboard in Resources */,
			);
			runOnlyForDeploymentPostprocessing = 0;
		};
/* End PBXResourcesBuildPhase section */

/* Begin PBXSourcesBuildPhase section */
		25F743F71DA97E9000CCD5AD /* Sources */ = {
			isa = PBXSourcesBuildPhase;
			buildActionMask = 2147483647;
			files = (
				25F744011DA97E9000CCD5AD /* ViewController.swift in Sources */,
				25F743FF1DA97E9000CCD5AD /* AppDelegate.swift in Sources */,
			);
			runOnlyForDeploymentPostprocessing = 0;
		};
/* End PBXSourcesBuildPhase section */

/* Begin PBXVariantGroup section */
		25F744041DA97E9000CCD5AD /* Main.storyboard */ = {
			isa = PBXVariantGroup;
			children = (
				25F744051DA97E9000CCD5AD /* Base */,
			);
			name = Main.storyboard;
			sourceTree = "<group>";
		};
/* End PBXVariantGroup section */

/* Begin XCBuildConfiguration section */
		25F744081DA97E9000CCD5AD /* Debug */ = {
			isa = XCBuildConfiguration;
			buildSettings = {
				ALWAYS_SEARCH_USER_PATHS = NO;
				CLANG_ANALYZER_NONNULL = YES;
				CLANG_CXX_LANGUAGE_STANDARD = "gnu++0x";
				CLANG_CXX_LIBRARY = "libc++";
				CLANG_ENABLE_MODULES = YES;
				CLANG_ENABLE_OBJC_ARC = YES;
				CLANG_WARN_BOOL_CONVERSION = YES;
				CLANG_WARN_CONSTANT_CONVERSION = YES;
				CLANG_WARN_DIRECT_OBJC_ISA_USAGE = YES_ERROR;
				CLANG_WARN_DOCUMENTATION_COMMENTS = YES;
				CLANG_WARN_EMPTY_BODY = YES;
				CLANG_WARN_ENUM_CONVERSION = YES;
				CLANG_WARN_INFINITE_RECURSION = YES;
				CLANG_WARN_INT_CONVERSION = YES;
				CLANG_WARN_OBJC_ROOT_CLASS = YES_ERROR;
				CLANG_WARN_SUSPICIOUS_MOVES = YES;
				CLANG_WARN_UNREACHABLE_CODE = YES;
				CLANG_WARN__DUPLICATE_METHOD_MATCH = YES;
				CODE_SIGN_IDENTITY = "-";
				COPY_PHASE_STRIP = NO;
				DEBUG_INFORMATION_FORMAT = dwarf;
				ENABLE_STRICT_OBJC_MSGSEND = YES;
				ENABLE_TESTABILITY = YES;
				GCC_C_LANGUAGE_STANDARD = gnu99;
				GCC_DYNAMIC_NO_PIC = NO;
				GCC_NO_COMMON_BLOCKS = YES;
				GCC_OPTIMIZATION_LEVEL = 0;
				GCC_PREPROCESSOR_DEFINITIONS = (
					"DEBUG=1",
					"$(inherited)",
				);
				GCC_WARN_64_TO_32_BIT_CONVERSION = YES;
				GCC_WARN_ABOUT_RETURN_TYPE = YES_ERROR;
				GCC_WARN_UNDECLARED_SELECTOR = YES;
				GCC_WARN_UNINITIALIZED_AUTOS = YES_AGGRESSIVE;
				GCC_WARN_UNUSED_FUNCTION = YES;
				GCC_WARN_UNUSED_VARIABLE = YES;
				MACOSX_DEPLOYMENT_TARGET = 10.12;
				MTL_ENABLE_DEBUG_INFO = YES;
				ONLY_ACTIVE_ARCH = YES;
				SDKROOT = macosx;
				SWIFT_ACTIVE_COMPILATION_CONDITIONS = DEBUG;
				SWIFT_OPTIMIZATION_LEVEL = "-Onone";
			};
			name = Debug;
		};
		25F744091DA97E9000CCD5AD /* Release */ = {
			isa = XCBuildConfiguration;
			buildSettings = {
				ALWAYS_SEARCH_USER_PATHS = NO;
				CLANG_ANALYZER_NONNULL = YES;
				CLANG_CXX_LANGUAGE_STANDARD = "gnu++0x";
				CLANG_CXX_LIBRARY = "libc++";
				CLANG_ENABLE_MODULES = YES;
				CLANG_ENABLE_OBJC_ARC = YES;
				CLANG_WARN_BOOL_CONVERSION = YES;
				CLANG_WARN_CONSTANT_CONVERSION = YES;
				CLANG_WARN_DIRECT_OBJC_ISA_USAGE = YES_ERROR;
				CLANG_WARN_DOCUMENTATION_COMMENTS = YES;
				CLANG_WARN_EMPTY_BODY = YES;
				CLANG_WARN_ENUM_CONVERSION = YES;
				CLANG_WARN_INFINITE_RECURSION = YES;
				CLANG_WARN_INT_CONVERSION = YES;
				CLANG_WARN_OBJC_ROOT_CLASS = YES_ERROR;
				CLANG_WARN_SUSPICIOUS_MOVES = YES;
				CLANG_WARN_UNREACHABLE_CODE = YES;
				CLANG_WARN__DUPLICATE_METHOD_MATCH = YES;
				CODE_SIGN_IDENTITY = "-";
				COPY_PHASE_STRIP = NO;
				DEBUG_INFORMATION_FORMAT = "dwarf-with-dsym";
				ENABLE_NS_ASSERTIONS = NO;
				ENABLE_STRICT_OBJC_MSGSEND = YES;
				GCC_C_LANGUAGE_STANDARD = gnu99;
				GCC_NO_COMMON_BLOCKS = YES;
				GCC_WARN_64_TO_32_BIT_CONVERSION = YES;
				GCC_WARN_ABOUT_RETURN_TYPE = YES_ERROR;
				GCC_WARN_UNDECLARED_SELECTOR = YES;
				GCC_WARN_UNINITIALIZED_AUTOS = YES_AGGRESSIVE;
				GCC_WARN_UNUSED_FUNCTION = YES;
				GCC_WARN_UNUSED_VARIABLE = YES;
				MACOSX_DEPLOYMENT_TARGET = 10.12;
				MTL_ENABLE_DEBUG_INFO = NO;
				SDKROOT = macosx;
				SWIFT_OPTIMIZATION_LEVEL = "-Owholemodule";
			};
			name = Release;
		};
		25F7440B1DA97E9000CCD5AD /* Debug */ = {
			isa = XCBuildConfiguration;
			buildSettings = {
				ASSETCATALOG_COMPILER_APPICON_NAME = AppIcon;
				COMBINE_HIDPI_IMAGES = YES;
				INFOPLIST_FILE = Equitable/Info.plist;
				LD_RUNPATH_SEARCH_PATHS = "$(inherited) @executable_path/../Frameworks";
				PRODUCT_BUNDLE_IDENTIFIER = com.sergdort.Equitable;
				PRODUCT_NAME = "$(TARGET_NAME)";
				SWIFT_VERSION = 3.0;
			};
			name = Debug;
		};
		25F7440C1DA97E9000CCD5AD /* Release */ = {
			isa = XCBuildConfiguration;
			buildSettings = {
				ASSETCATALOG_COMPILER_APPICON_NAME = AppIcon;
				COMBINE_HIDPI_IMAGES = YES;
				INFOPLIST_FILE = Equitable/Info.plist;
				LD_RUNPATH_SEARCH_PATHS = "$(inherited) @executable_path/../Frameworks";
				PRODUCT_BUNDLE_IDENTIFIER = com.sergdort.Equitable;
				PRODUCT_NAME = "$(TARGET_NAME)";
				SWIFT_VERSION = 3.0;
			};
			name = Release;
		};
/* End XCBuildConfiguration section */

/* Begin XCConfigurationList section */
		25F743F61DA97E9000CCD5AD /* Build configuration list for PBXProject "Equitable" */ = {
			isa = XCConfigurationList;
			buildConfigurations = (
				25F744081DA97E9000CCD5AD /* Debug */,
				25F744091DA97E9000CCD5AD /* Release */,
			);
			defaultConfigurationIsVisible = 0;
			defaultConfigurationName = Release;
		};
		25F7440A1DA97E9000CCD5AD /* Build configuration list for PBXNativeTarget "Equitable" */ = {
			isa = XCConfigurationList;
			buildConfigurations = (
				25F7440B1DA97E9000CCD5AD /* Debug */,
				25F7440C1DA97E9000CCD5AD /* Release */,
			);
			defaultConfigurationIsVisible = 0;
		};
/* End XCConfigurationList section */
	};
	rootObject = 25F743F31DA97E9000CCD5AD /* Project object */;
}
